
Microsoft Visual Studio Solution File, Format Version 12.00
# Visual Studio Version 17
VisualStudioVersion = 17.12.35707.178 d17.12
MinimumVisualStudioVersion = 10.0.40219.1
Project("{FAE04EC0-301F-11D3-BF4B-00C04F79EFBC}") = "WalletApi", "WalletApi\WalletApi.csproj", "{AB3E4C80-3700-4739-8BE4-F49151761DE0}"
EndProject
Project("{FAE04EC0-301F-11D3-BF4B-00C04F79EFBC}") = "WalletApi.Domain", "WalletApi.Domain\WalletApi.Domain.csproj", "{BEABBA59-2239-4641-8232-066A72B1C7B4}"
EndProject
Project("{FAE04EC0-301F-11D3-BF4B-00C04F79EFBC}") = "WalletApi.Infrastructure", "WalletApi.Infrastructure\WalletApi.Infrastructure.csproj", "{E499AF5E-F7F7-4E00-9553-6014D1914039}"
EndProject
Project("{FAE04EC0-301F-11D3-BF4B-00C04F79EFBC}") = "WalletApi.Application", "WalletApi.Application\WalletApi.Application.csproj", "{B11CFBAE-B41C-42E5-A5B9-9D7E404B4C84}"
EndProject
Global
	GlobalSection(SolutionConfigurationPlatforms) = preSolution
		Debug|Any CPU = Debug|Any CPU
		Release|Any CPU = Release|Any CPU
	EndGlobalSection
	GlobalSection(ProjectConfigurationPlatforms) = postSolution
		{AB3E4C80-3700-4739-8BE4-F49151761DE0}.Debug|Any CPU.ActiveCfg = Debug|Any CPU
		{AB3E4C80-3700-4739-8BE4-F49151761DE0}.Debug|Any CPU.Build.0 = Debug|Any CPU
		{AB3E4C80-3700-4739-8BE4-F49151761DE0}.Release|Any CPU.ActiveCfg = Release|Any CPU
		{AB3E4C80-3700-4739-8BE4-F49151761DE0}.Release|Any CPU.Build.0 = Release|Any CPU
		{BEABBA59-2239-4641-8232-066A72B1C7B4}.Debug|Any CPU.ActiveCfg = Debug|Any CPU
		{BEABBA59-2239-4641-8232-066A72B1C7B4}.Debug|Any CPU.Build.0 = Debug|Any CPU
		{BEABBA59-2239-4641-8232-066A72B1C7B4}.Release|Any CPU.ActiveCfg = Release|Any CPU
		{BEABBA59-2239-4641-8232-066A72B1C7B4}.Release|Any CPU.Build.0 = Release|Any CPU
		{E499AF5E-F7F7-4E00-9553-6014D1914039}.Debug|Any CPU.ActiveCfg = Debug|Any CPU
		{E499AF5E-F7F7-4E00-9553-6014D1914039}.Debug|Any CPU.Build.0 = Debug|Any CPU
		{E499AF5E-F7F7-4E00-9553-6014D1914039}.Release|Any CPU.ActiveCfg = Release|Any CPU
		{E499AF5E-F7F7-4E00-9553-6014D1914039}.Release|Any CPU.Build.0 = Release|Any CPU
		{B11CFBAE-B41C-42E5-A5B9-9D7E404B4C84}.Debug|Any CPU.ActiveCfg = Debug|Any CPU
		{B11CFBAE-B41C-42E5-A5B9-9D7E404B4C84}.Debug|Any CPU.Build.0 = Debug|Any CPU
		{B11CFBAE-B41C-42E5-A5B9-9D7E404B4C84}.Release|Any CPU.ActiveCfg = Release|Any CPU
		{B11CFBAE-B41C-42E5-A5B9-9D7E404B4C84}.Release|Any CPU.Build.0 = Release|Any CPU
	EndGlobalSection
	GlobalSection(SolutionProperties) = preSolution
		HideSolutionNode = FALSE
	EndGlobalSection
EndGlobal
